PODS:
  - Alamofire (5.8.1)
  - AlamofireImage (4.3.0):
    - Alamofire (~> 5.8)
  - DiffableDataSources (0.4.0):
    - DifferenceKit/AppKitExtension (~> 1.1)
    - DifferenceKit/UIKitExtension (~> 1.1)
  - DifferenceKit/Core (1.3.0)
  - DifferenceKit/UIKitExtension (1.3.0):
    - DifferenceKit/Core
  - IQAPIClient (4.0.3):
    - Alamofire (~> 5)
  - IQListKit (3.0.0):
    - DiffableDataSources (~> 0.4.0)
    - SwiftTryCatch (~> 0.0.1)
  - SwiftLint (0.54.0)
  - SwiftTryCatch (0.0.1)

DEPENDENCIES:
  - AlamofireImage
  - IQAPIClient (from `.`)
  - IQListKit
  - SwiftLint

SPEC REPOS:
  trunk:
    - Alamofire
    - AlamofireImage
    - DiffableDataSources
    - DifferenceKit
    - IQListKit
    - SwiftLint
    - SwiftTryCatch

EXTERNAL SOURCES:
  IQAPIClient:
    :path: "."

SPEC CHECKSUMS:
  Alamofire: 3ca42e259043ee0dc5c0cdd76c4bc568b8e42af7
  AlamofireImage: 843953fa97bee5f561cf05d83abd759e590b068d
  DiffableDataSources: 80396cec405c9b29e1e07b55c9be7d11b46c8741
  DifferenceKit: ab185c4d7f9cef8af3fcf593e5b387fb81e999ca
  IQAPIClient: ac3d16c0871bcf7b10403513c2a477662898474b
  IQListKit: 91f14441e5cd7e74fefbedf6c62ff668e65a44da
  SwiftLint: c1de071d9d08c8aba837545f6254315bc900e211
  SwiftTryCatch: fb6d2b34abe48efd69578dac919293a44f95b481

PODFILE CHECKSUM: ffcfda488fb30e583413486efcff18d441a7f868

COCOAPODS: 1.15.2
