PODS:
  - Alamofire (5.8.0)
  - AlamofireImage (4.3.0):
    - Alamofire (~> 5.8)
  - DiffableDataSources (0.4.0):
    - DifferenceKit/AppKitExtension (~> 1.1)
    - DifferenceKit/UIKitExtension (~> 1.1)
  - DifferenceKit/Core (1.3.0)
  - DifferenceKit/UIKitExtension (1.3.0):
    - DifferenceKit/Core
  - IQAPIClient (3.0.1):
    - Alamofire (~> 5)
  - IQListKit (3.0.0):
    - DiffableDataSources (~> 0.4.0)
    - SwiftTryCatch (~> 0.0.1)
  - SwiftLint (0.52.4)
  - SwiftTryCatch (0.0.1)

DEPENDENCIES:
  - AlamofireImage
  - IQAPIClient (from `.`)
  - IQListKit
  - SwiftLint

SPEC REPOS:
  trunk:
    - Alamofire
    - AlamofireImage
    - DiffableDataSources
    - DifferenceKit
    - IQListKit
    - SwiftLint
    - SwiftTryCatch

EXTERNAL SOURCES:
  IQAPIClient:
    :path: "."

SPEC CHECKSUMS:
  Alamofire: 0e92e751b3e9e66d7982db43919d01f313b8eb91
  AlamofireImage: 843953fa97bee5f561cf05d83abd759e590b068d
  DiffableDataSources: 80396cec405c9b29e1e07b55c9be7d11b46c8741
  DifferenceKit: ab185c4d7f9cef8af3fcf593e5b387fb81e999ca
  IQAPIClient: b5dfece8a7adb2efaa1f996f09a2b9c93abf6bb9
  IQListKit: 91f14441e5cd7e74fefbedf6c62ff668e65a44da
  SwiftLint: 1cc5cd61ba9bacb2194e340aeb47a2a37fda00b3
  SwiftTryCatch: fb6d2b34abe48efd69578dac919293a44f95b481

PODFILE CHECKSUM: 976b7454af29b2acd5c0c49f98abb982e51fcdb9

COCOAPODS: 1.13.0
